
Microsoft Visual Studio Solution File, Format Version 12.00
# Visual Studio Version 17
VisualStudioVersion = 17.3.32929.385
MinimumVisualStudioVersion = 10.0.40219.1
Project("{FAE04EC0-301F-11D3-BF4B-00C04F79EFBC}") = "Linqs", "Linqs\Linqs.csproj", "{CAE3E415-469C-40D3-B254-B119E4F2328B}"
EndProject
Global
	GlobalSection(SolutionConfigurationPlatforms) = preSolution
		Debug|Any CPU = Debug|Any CPU
		Release|Any CPU = Release|Any CPU
	EndGlobalSection
	GlobalSection(ProjectConfigurationPlatforms) = postSolution
		{CAE3E415-469C-40D3-B254-B119E4F2328B}.Debug|Any CPU.ActiveCfg = Debug|Any CPU
		{CAE3E415-469C-40D3-B254-B119E4F2328B}.Debug|Any CPU.Build.0 = Debug|Any CPU
		{CAE3E415-469C-40D3-B254-B119E4F2328B}.Release|Any CPU.ActiveCfg = Release|Any CPU
		{CAE3E415-469C-40D3-B254-B119E4F2328B}.Release|Any CPU.Build.0 = Release|Any CPU
	EndGlobalSection
	GlobalSection(SolutionProperties) = preSolution
		HideSolutionNode = FALSE
	EndGlobalSection
	GlobalSection(ExtensibilityGlobals) = postSolution
		SolutionGuid = {30747E8B-7F60-49FC-9901-CBDB38341914}
	EndGlobalSection
EndGlobal
